
Microsoft Visual Studio Solution File, Format Version 12.00
# Visual Studio Version 17
VisualStudioVersion = 17.7.34003.232
MinimumVisualStudioVersion = 10.0.40219.1
Project("{9A19103F-16F7-4668-BE54-9A1E7A4F7556}") = "Crud_NetFramework", "Crud_NetFramework.csproj", "{B5BD43C6-C2CE-443D-A083-2923A485A7A2}"
EndProject
Project("{FAE04EC0-301F-11D3-BF4B-00C04F79EFBC}") = "BLL", "..\BLL\BLL.csproj", "{71C9D97A-50E5-410C-85D9-EC364C1E1C89}"
EndProject
Project("{FAE04EC0-301F-11D3-BF4B-00C04F79EFBC}") = "DAL", "..\DAL\DAL.csproj", "{2F1AE592-AC8E-4BDA-B5E4-88AC47657C03}"
EndProject
Project("{FAE04EC0-301F-11D3-BF4B-00C04F79EFBC}") = "Domain", "..\Domain\Domain.csproj", "{87C277F5-C7A6-4877-9013-5F6230957DB6}"
EndProject
Project("{FAE04EC0-301F-11D3-BF4B-00C04F79EFBC}") = "Services", "..\Services\Services.csproj", "{C346F833-1CD9-4704-AC85-6176E7E5E51B}"
EndProject
Global
	GlobalSection(SolutionConfigurationPlatforms) = preSolution
		Debug|Any CPU = Debug|Any CPU
		Release|Any CPU = Release|Any CPU
	EndGlobalSection
	GlobalSection(ProjectConfigurationPlatforms) = postSolution
		{B5BD43C6-C2CE-443D-A083-2923A485A7A2}.Debug|Any CPU.ActiveCfg = Debug|Any CPU
		{B5BD43C6-C2CE-443D-A083-2923A485A7A2}.Debug|Any CPU.Build.0 = Debug|Any CPU
		{B5BD43C6-C2CE-443D-A083-2923A485A7A2}.Release|Any CPU.ActiveCfg = Release|Any CPU
		{B5BD43C6-C2CE-443D-A083-2923A485A7A2}.Release|Any CPU.Build.0 = Release|Any CPU
		{71C9D97A-50E5-410C-85D9-EC364C1E1C89}.Debug|Any CPU.ActiveCfg = Debug|Any CPU
		{71C9D97A-50E5-410C-85D9-EC364C1E1C89}.Debug|Any CPU.Build.0 = Debug|Any CPU
		{71C9D97A-50E5-410C-85D9-EC364C1E1C89}.Release|Any CPU.ActiveCfg = Release|Any CPU
		{71C9D97A-50E5-410C-85D9-EC364C1E1C89}.Release|Any CPU.Build.0 = Release|Any CPU
		{2F1AE592-AC8E-4BDA-B5E4-88AC47657C03}.Debug|Any CPU.ActiveCfg = Debug|Any CPU
		{2F1AE592-AC8E-4BDA-B5E4-88AC47657C03}.Debug|Any CPU.Build.0 = Debug|Any CPU
		{2F1AE592-AC8E-4BDA-B5E4-88AC47657C03}.Release|Any CPU.ActiveCfg = Release|Any CPU
		{2F1AE592-AC8E-4BDA-B5E4-88AC47657C03}.Release|Any CPU.Build.0 = Release|Any CPU
		{87C277F5-C7A6-4877-9013-5F6230957DB6}.Debug|Any CPU.ActiveCfg = Debug|Any CPU
		{87C277F5-C7A6-4877-9013-5F6230957DB6}.Debug|Any CPU.Build.0 = Debug|Any CPU
		{87C277F5-C7A6-4877-9013-5F6230957DB6}.Release|Any CPU.ActiveCfg = Release|Any CPU
		{87C277F5-C7A6-4877-9013-5F6230957DB6}.Release|Any CPU.Build.0 = Release|Any CPU
		{C346F833-1CD9-4704-AC85-6176E7E5E51B}.Debug|Any CPU.ActiveCfg = Debug|Any CPU
		{C346F833-1CD9-4704-AC85-6176E7E5E51B}.Debug|Any CPU.Build.0 = Debug|Any CPU
		{C346F833-1CD9-4704-AC85-6176E7E5E51B}.Release|Any CPU.ActiveCfg = Release|Any CPU
		{C346F833-1CD9-4704-AC85-6176E7E5E51B}.Release|Any CPU.Build.0 = Release|Any CPU
	EndGlobalSection
	GlobalSection(SolutionProperties) = preSolution
		HideSolutionNode = FALSE
	EndGlobalSection
	GlobalSection(ExtensibilityGlobals) = postSolution
		SolutionGuid = {DFED3BC0-8678-4202-98C2-CBE67F055255}
	EndGlobalSection
EndGlobal
