
Microsoft Visual Studio Solution File, Format Version 12.00
# Visual Studio Version 17
VisualStudioVersion = 17.3.32922.545
MinimumVisualStudioVersion = 10.0.40219.1
Project("{9A19103F-16F7-4668-BE54-9A1E7A4F7556}") = "CRUDCore", "CRUDCore.csproj", "{A29BB240-5EC5-4F8A-99B9-B0475896F349}"
EndProject
Global
	GlobalSection(SolutionConfigurationPlatforms) = preSolution
		Debug|Any CPU = Debug|Any CPU
		Release|Any CPU = Release|Any CPU
	EndGlobalSection
	GlobalSection(ProjectConfigurationPlatforms) = postSolution
		{A29BB240-5EC5-4F8A-99B9-B0475896F349}.Debug|Any CPU.ActiveCfg = Debug|Any CPU
		{A29BB240-5EC5-4F8A-99B9-B0475896F349}.Debug|Any CPU.Build.0 = Debug|Any CPU
		{A29BB240-5EC5-4F8A-99B9-B0475896F349}.Release|Any CPU.ActiveCfg = Release|Any CPU
		{A29BB240-5EC5-4F8A-99B9-B0475896F349}.Release|Any CPU.Build.0 = Release|Any CPU
	EndGlobalSection
	GlobalSection(SolutionProperties) = preSolution
		HideSolutionNode = FALSE
	EndGlobalSection
	GlobalSection(ExtensibilityGlobals) = postSolution
		SolutionGuid = {E86EBF8B-D4AD-454A-9865-86A607EF21C6}
	EndGlobalSection
EndGlobal
